
Microsoft Visual Studio Solution File, Format Version 12.00
# Visual Studio Version 17
VisualStudioVersion = 17.4.33103.184
MinimumVisualStudioVersion = 10.0.40219.1
Project("{9A19103F-16F7-4668-BE54-9A1E7A4F7556}") = "Csharp_2023", "Csharp_2023\Csharp_2023.csproj", "{386534EF-39D5-43C1-9E2D-F732EA345EAF}"
EndProject
Project("{9A19103F-16F7-4668-BE54-9A1E7A4F7556}") = "Chapter3", "Chapter3\Chapter3.csproj", "{759AC595-B4CB-47E5-A98B-DC7577BEFC2E}"
EndProject
Project("{9A19103F-16F7-4668-BE54-9A1E7A4F7556}") = "Ex01", "Ex01\Ex01.csproj", "{E083CB1E-41E1-4718-84C8-264D2DB45009}"
EndProject
Project("{9A19103F-16F7-4668-BE54-9A1E7A4F7556}") = "ConsoleFormatTest", "ConsoleFormatTest\ConsoleFormatTest.csproj", "{F8C14CE9-2033-4DF1-ADBD-53C11B053E60}"
EndProject
Project("{9A19103F-16F7-4668-BE54-9A1E7A4F7556}") = "Ex02", "Ex02\Ex02.csproj", "{09739FFE-1D43-4506-BAD1-60EC627D0776}"
EndProject
Project("{9A19103F-16F7-4668-BE54-9A1E7A4F7556}") = "Ex03", "Ex03\Ex03.csproj", "{D0D27C00-7E3D-418C-B140-BC8A164A35DF}"
EndProject
Project("{9A19103F-16F7-4668-BE54-9A1E7A4F7556}") = "Ex04", "Ex04\Ex04.csproj", "{D40EDAC6-5A1F-4A97-8739-F0ED2B7DDA98}"
EndProject
Project("{9A19103F-16F7-4668-BE54-9A1E7A4F7556}") = "Ex04_2", "Ex04_2\Ex04_2.csproj", "{C8898921-2FB3-4483-923A-AC73693A5199}"
EndProject
Project("{9A19103F-16F7-4668-BE54-9A1E7A4F7556}") = "Ex04_3", "Ex04_3\Ex04_3.csproj", "{49DC5766-26BC-433D-845F-2EE8E5B72740}"
EndProject
Project("{9A19103F-16F7-4668-BE54-9A1E7A4F7556}") = "Ex04_4", "Ex04_4\Ex04_4.csproj", "{4E7DC74A-908B-4963-80A4-067C7FA681B4}"
EndProject
Project("{9A19103F-16F7-4668-BE54-9A1E7A4F7556}") = "if", "if\if.csproj", "{4148EAA3-8ABC-4F6F-B002-98BAA0DF7053}"
EndProject
Project("{9A19103F-16F7-4668-BE54-9A1E7A4F7556}") = "Ex05", "Ex05\Ex05.csproj", "{B57F8B81-F065-45CC-BE33-94C345F9F810}"
EndProject
Project("{9A19103F-16F7-4668-BE54-9A1E7A4F7556}") = "Ex05_2", "Ex05_2\Ex05_2.csproj", "{8AD23D7E-FDB9-4BB6-BF13-DD7AC2CCF665}"
EndProject
Project("{9A19103F-16F7-4668-BE54-9A1E7A4F7556}") = "Ex05_3", "Ex05_3\Ex05_3.csproj", "{14F7FEEE-C866-431F-A962-B5366A8E3BE3}"
EndProject
Project("{9A19103F-16F7-4668-BE54-9A1E7A4F7556}") = "Ex05_4", "Ex05_4\Ex05_4.csproj", "{526A32FE-C9AA-4D34-8678-6D6BA8B5124D}"
EndProject
Project("{9A19103F-16F7-4668-BE54-9A1E7A4F7556}") = "Ex05_5", "Ex05_5\Ex05_5.csproj", "{28D71E2A-8838-450D-8FFD-0E4449588832}"
EndProject
Project("{9A19103F-16F7-4668-BE54-9A1E7A4F7556}") = "Ex06", "Ex06\Ex06.csproj", "{E27BB809-0889-4F5B-A43D-8E1532F9885A}"
EndProject
Project("{9A19103F-16F7-4668-BE54-9A1E7A4F7556}") = "Ex06_2", "Ex06_2\Ex06_2.csproj", "{B7C05381-EA28-496F-B0CC-ECD4E11AA43E}"
EndProject
Project("{9A19103F-16F7-4668-BE54-9A1E7A4F7556}") = "Ex07", "Ex07\Ex07.csproj", "{FCC5FBDA-04CD-4953-B75B-BE68A78C9AE7}"
EndProject
Project("{FAE04EC0-301F-11D3-BF4B-00C04F79EFBC}") = "Ex08", "Ex08\Ex08.csproj", "{F9DB12B5-F080-4186-B745-B167CC92AFCA}"
EndProject
Project("{FAE04EC0-301F-11D3-BF4B-00C04F79EFBC}") = "Ex08_2", "Ex08_2\Ex08_2.csproj", "{6C30AC6C-BEA6-4EC7-9881-D8C205B6093D}"
EndProject
Global
	GlobalSection(SolutionConfigurationPlatforms) = preSolution
		Debug|Any CPU = Debug|Any CPU
		Release|Any CPU = Release|Any CPU
	EndGlobalSection
	GlobalSection(ProjectConfigurationPlatforms) = postSolution
		{386534EF-39D5-43C1-9E2D-F732EA345EAF}.Debug|Any CPU.ActiveCfg = Debug|Any CPU
		{386534EF-39D5-43C1-9E2D-F732EA345EAF}.Debug|Any CPU.Build.0 = Debug|Any CPU
		{386534EF-39D5-43C1-9E2D-F732EA345EAF}.Release|Any CPU.ActiveCfg = Release|Any CPU
		{386534EF-39D5-43C1-9E2D-F732EA345EAF}.Release|Any CPU.Build.0 = Release|Any CPU
		{759AC595-B4CB-47E5-A98B-DC7577BEFC2E}.Debug|Any CPU.ActiveCfg = Debug|Any CPU
		{759AC595-B4CB-47E5-A98B-DC7577BEFC2E}.Debug|Any CPU.Build.0 = Debug|Any CPU
		{759AC595-B4CB-47E5-A98B-DC7577BEFC2E}.Release|Any CPU.ActiveCfg = Release|Any CPU
		{759AC595-B4CB-47E5-A98B-DC7577BEFC2E}.Release|Any CPU.Build.0 = Release|Any CPU
		{E083CB1E-41E1-4718-84C8-264D2DB45009}.Debug|Any CPU.ActiveCfg = Debug|Any CPU
		{E083CB1E-41E1-4718-84C8-264D2DB45009}.Debug|Any CPU.Build.0 = Debug|Any CPU
		{E083CB1E-41E1-4718-84C8-264D2DB45009}.Release|Any CPU.ActiveCfg = Release|Any CPU
		{E083CB1E-41E1-4718-84C8-264D2DB45009}.Release|Any CPU.Build.0 = Release|Any CPU
		{F8C14CE9-2033-4DF1-ADBD-53C11B053E60}.Debug|Any CPU.ActiveCfg = Debug|Any CPU
		{F8C14CE9-2033-4DF1-ADBD-53C11B053E60}.Debug|Any CPU.Build.0 = Debug|Any CPU
		{F8C14CE9-2033-4DF1-ADBD-53C11B053E60}.Release|Any CPU.ActiveCfg = Release|Any CPU
		{F8C14CE9-2033-4DF1-ADBD-53C11B053E60}.Release|Any CPU.Build.0 = Release|Any CPU
		{09739FFE-1D43-4506-BAD1-60EC627D0776}.Debug|Any CPU.ActiveCfg = Debug|Any CPU
		{09739FFE-1D43-4506-BAD1-60EC627D0776}.Debug|Any CPU.Build.0 = Debug|Any CPU
		{09739FFE-1D43-4506-BAD1-60EC627D0776}.Release|Any CPU.ActiveCfg = Release|Any CPU
		{09739FFE-1D43-4506-BAD1-60EC627D0776}.Release|Any CPU.Build.0 = Release|Any CPU
		{D0D27C00-7E3D-418C-B140-BC8A164A35DF}.Debug|Any CPU.ActiveCfg = Debug|Any CPU
		{D0D27C00-7E3D-418C-B140-BC8A164A35DF}.Debug|Any CPU.Build.0 = Debug|Any CPU
		{D0D27C00-7E3D-418C-B140-BC8A164A35DF}.Release|Any CPU.ActiveCfg = Release|Any CPU
		{D0D27C00-7E3D-418C-B140-BC8A164A35DF}.Release|Any CPU.Build.0 = Release|Any CPU
		{D40EDAC6-5A1F-4A97-8739-F0ED2B7DDA98}.Debug|Any CPU.ActiveCfg = Debug|Any CPU
		{D40EDAC6-5A1F-4A97-8739-F0ED2B7DDA98}.Debug|Any CPU.Build.0 = Debug|Any CPU
		{D40EDAC6-5A1F-4A97-8739-F0ED2B7DDA98}.Release|Any CPU.ActiveCfg = Release|Any CPU
		{D40EDAC6-5A1F-4A97-8739-F0ED2B7DDA98}.Release|Any CPU.Build.0 = Release|Any CPU
		{C8898921-2FB3-4483-923A-AC73693A5199}.Debug|Any CPU.ActiveCfg = Debug|Any CPU
		{C8898921-2FB3-4483-923A-AC73693A5199}.Debug|Any CPU.Build.0 = Debug|Any CPU
		{C8898921-2FB3-4483-923A-AC73693A5199}.Release|Any CPU.ActiveCfg = Release|Any CPU
		{C8898921-2FB3-4483-923A-AC73693A5199}.Release|Any CPU.Build.0 = Release|Any CPU
		{49DC5766-26BC-433D-845F-2EE8E5B72740}.Debug|Any CPU.ActiveCfg = Debug|Any CPU
		{49DC5766-26BC-433D-845F-2EE8E5B72740}.Debug|Any CPU.Build.0 = Debug|Any CPU
		{49DC5766-26BC-433D-845F-2EE8E5B72740}.Release|Any CPU.ActiveCfg = Release|Any CPU
		{49DC5766-26BC-433D-845F-2EE8E5B72740}.Release|Any CPU.Build.0 = Release|Any CPU
		{4E7DC74A-908B-4963-80A4-067C7FA681B4}.Debug|Any CPU.ActiveCfg = Debug|Any CPU
		{4E7DC74A-908B-4963-80A4-067C7FA681B4}.Debug|Any CPU.Build.0 = Debug|Any CPU
		{4E7DC74A-908B-4963-80A4-067C7FA681B4}.Release|Any CPU.ActiveCfg = Release|Any CPU
		{4E7DC74A-908B-4963-80A4-067C7FA681B4}.Release|Any CPU.Build.0 = Release|Any CPU
		{4148EAA3-8ABC-4F6F-B002-98BAA0DF7053}.Debug|Any CPU.ActiveCfg = Debug|Any CPU
		{4148EAA3-8ABC-4F6F-B002-98BAA0DF7053}.Debug|Any CPU.Build.0 = Debug|Any CPU
		{4148EAA3-8ABC-4F6F-B002-98BAA0DF7053}.Release|Any CPU.ActiveCfg = Release|Any CPU
		{4148EAA3-8ABC-4F6F-B002-98BAA0DF7053}.Release|Any CPU.Build.0 = Release|Any CPU
		{B57F8B81-F065-45CC-BE33-94C345F9F810}.Debug|Any CPU.ActiveCfg = Debug|Any CPU
		{B57F8B81-F065-45CC-BE33-94C345F9F810}.Debug|Any CPU.Build.0 = Debug|Any CPU
		{B57F8B81-F065-45CC-BE33-94C345F9F810}.Release|Any CPU.ActiveCfg = Release|Any CPU
		{B57F8B81-F065-45CC-BE33-94C345F9F810}.Release|Any CPU.Build.0 = Release|Any CPU
		{8AD23D7E-FDB9-4BB6-BF13-DD7AC2CCF665}.Debug|Any CPU.ActiveCfg = Debug|Any CPU
		{8AD23D7E-FDB9-4BB6-BF13-DD7AC2CCF665}.Debug|Any CPU.Build.0 = Debug|Any CPU
		{8AD23D7E-FDB9-4BB6-BF13-DD7AC2CCF665}.Release|Any CPU.ActiveCfg = Release|Any CPU
		{8AD23D7E-FDB9-4BB6-BF13-DD7AC2CCF665}.Release|Any CPU.Build.0 = Release|Any CPU
		{14F7FEEE-C866-431F-A962-B5366A8E3BE3}.Debug|Any CPU.ActiveCfg = Debug|Any CPU
		{14F7FEEE-C866-431F-A962-B5366A8E3BE3}.Debug|Any CPU.Build.0 = Debug|Any CPU
		{14F7FEEE-C866-431F-A962-B5366A8E3BE3}.Release|Any CPU.ActiveCfg = Release|Any CPU
		{14F7FEEE-C866-431F-A962-B5366A8E3BE3}.Release|Any CPU.Build.0 = Release|Any CPU
		{526A32FE-C9AA-4D34-8678-6D6BA8B5124D}.Debug|Any CPU.ActiveCfg = Debug|Any CPU
		{526A32FE-C9AA-4D34-8678-6D6BA8B5124D}.Debug|Any CPU.Build.0 = Debug|Any CPU
		{526A32FE-C9AA-4D34-8678-6D6BA8B5124D}.Release|Any CPU.ActiveCfg = Release|Any CPU
		{526A32FE-C9AA-4D34-8678-6D6BA8B5124D}.Release|Any CPU.Build.0 = Release|Any CPU
		{28D71E2A-8838-450D-8FFD-0E4449588832}.Debug|Any CPU.ActiveCfg = Debug|Any CPU
		{28D71E2A-8838-450D-8FFD-0E4449588832}.Debug|Any CPU.Build.0 = Debug|Any CPU
		{28D71E2A-8838-450D-8FFD-0E4449588832}.Release|Any CPU.ActiveCfg = Release|Any CPU
		{28D71E2A-8838-450D-8FFD-0E4449588832}.Release|Any CPU.Build.0 = Release|Any CPU
		{E27BB809-0889-4F5B-A43D-8E1532F9885A}.Debug|Any CPU.ActiveCfg = Debug|Any CPU
		{E27BB809-0889-4F5B-A43D-8E1532F9885A}.Debug|Any CPU.Build.0 = Debug|Any CPU
		{E27BB809-0889-4F5B-A43D-8E1532F9885A}.Release|Any CPU.ActiveCfg = Release|Any CPU
		{E27BB809-0889-4F5B-A43D-8E1532F9885A}.Release|Any CPU.Build.0 = Release|Any CPU
		{B7C05381-EA28-496F-B0CC-ECD4E11AA43E}.Debug|Any CPU.ActiveCfg = Debug|Any CPU
		{B7C05381-EA28-496F-B0CC-ECD4E11AA43E}.Debug|Any CPU.Build.0 = Debug|Any CPU
		{B7C05381-EA28-496F-B0CC-ECD4E11AA43E}.Release|Any CPU.ActiveCfg = Release|Any CPU
		{B7C05381-EA28-496F-B0CC-ECD4E11AA43E}.Release|Any CPU.Build.0 = Release|Any CPU
		{FCC5FBDA-04CD-4953-B75B-BE68A78C9AE7}.Debug|Any CPU.ActiveCfg = Debug|Any CPU
		{FCC5FBDA-04CD-4953-B75B-BE68A78C9AE7}.Debug|Any CPU.Build.0 = Debug|Any CPU
		{FCC5FBDA-04CD-4953-B75B-BE68A78C9AE7}.Release|Any CPU.ActiveCfg = Release|Any CPU
		{FCC5FBDA-04CD-4953-B75B-BE68A78C9AE7}.Release|Any CPU.Build.0 = Release|Any CPU
		{F9DB12B5-F080-4186-B745-B167CC92AFCA}.Debug|Any CPU.ActiveCfg = Debug|Any CPU
		{F9DB12B5-F080-4186-B745-B167CC92AFCA}.Debug|Any CPU.Build.0 = Debug|Any CPU
		{F9DB12B5-F080-4186-B745-B167CC92AFCA}.Release|Any CPU.ActiveCfg = Release|Any CPU
		{F9DB12B5-F080-4186-B745-B167CC92AFCA}.Release|Any CPU.Build.0 = Release|Any CPU
		{6C30AC6C-BEA6-4EC7-9881-D8C205B6093D}.Debug|Any CPU.ActiveCfg = Debug|Any CPU
		{6C30AC6C-BEA6-4EC7-9881-D8C205B6093D}.Debug|Any CPU.Build.0 = Debug|Any CPU
		{6C30AC6C-BEA6-4EC7-9881-D8C205B6093D}.Release|Any CPU.ActiveCfg = Release|Any CPU
		{6C30AC6C-BEA6-4EC7-9881-D8C205B6093D}.Release|Any CPU.Build.0 = Release|Any CPU
	EndGlobalSection
	GlobalSection(SolutionProperties) = preSolution
		HideSolutionNode = FALSE
	EndGlobalSection
	GlobalSection(ExtensibilityGlobals) = postSolution
		SolutionGuid = {8CC637B1-737C-4DBA-98AD-666FFC70A913}
	EndGlobalSection
EndGlobal
