
Microsoft Visual Studio Solution File, Format Version 12.00
# Visual Studio Version 17
VisualStudioVersion = 17.4.33103.184
MinimumVisualStudioVersion = 10.0.40219.1
Project("{9A19103F-16F7-4668-BE54-9A1E7A4F7556}") = "Csharp_2023", "Csharp_2023\Csharp_2023.csproj", "{386534EF-39D5-43C1-9E2D-F732EA345EAF}"
EndProject
Project("{9A19103F-16F7-4668-BE54-9A1E7A4F7556}") = "Chapter3", "Chapter3\Chapter3.csproj", "{759AC595-B4CB-47E5-A98B-DC7577BEFC2E}"
EndProject
Project("{9A19103F-16F7-4668-BE54-9A1E7A4F7556}") = "Ex01", "Ex01\Ex01.csproj", "{E083CB1E-41E1-4718-84C8-264D2DB45009}"
EndProject
Project("{9A19103F-16F7-4668-BE54-9A1E7A4F7556}") = "ConsoleFormatTest", "ConsoleFormatTest\ConsoleFormatTest.csproj", "{F8C14CE9-2033-4DF1-ADBD-53C11B053E60}"
EndProject
Project("{9A19103F-16F7-4668-BE54-9A1E7A4F7556}") = "Ex02", "Ex02\Ex02.csproj", "{09739FFE-1D43-4506-BAD1-60EC627D0776}"
EndProject
Project("{9A19103F-16F7-4668-BE54-9A1E7A4F7556}") = "Ex03", "Ex03\Ex03.csproj", "{D0D27C00-7E3D-418C-B140-BC8A164A35DF}"
EndProject
Project("{9A19103F-16F7-4668-BE54-9A1E7A4F7556}") = "Ex04", "Ex04\Ex04.csproj", "{D40EDAC6-5A1F-4A97-8739-F0ED2B7DDA98}"
EndProject
Project("{9A19103F-16F7-4668-BE54-9A1E7A4F7556}") = "Ex04_2", "Ex04_2\Ex04_2.csproj", "{C8898921-2FB3-4483-923A-AC73693A5199}"
EndProject
Project("{9A19103F-16F7-4668-BE54-9A1E7A4F7556}") = "Ex04_3", "Ex04_3\Ex04_3.csproj", "{49DC5766-26BC-433D-845F-2EE8E5B72740}"
EndProject
Project("{9A19103F-16F7-4668-BE54-9A1E7A4F7556}") = "Ex04_4", "Ex04_4\Ex04_4.csproj", "{4E7DC74A-908B-4963-80A4-067C7FA681B4}"
EndProject
Project("{9A19103F-16F7-4668-BE54-9A1E7A4F7556}") = "if", "if\if.csproj", "{4148EAA3-8ABC-4F6F-B002-98BAA0DF7053}"
EndProject
Project("{9A19103F-16F7-4668-BE54-9A1E7A4F7556}") = "Ex05", "Ex05\Ex05.csproj", "{B57F8B81-F065-45CC-BE33-94C345F9F810}"
EndProject
Project("{9A19103F-16F7-4668-BE54-9A1E7A4F7556}") = "Ex05_2", "Ex05_2\Ex05_2.csproj", "{8AD23D7E-FDB9-4BB6-BF13-DD7AC2CCF665}"
EndProject
Project("{9A19103F-16F7-4668-BE54-9A1E7A4F7556}") = "Ex05_3", "Ex05_3\Ex05_3.csproj", "{14F7FEEE-C866-431F-A962-B5366A8E3BE3}"
EndProject
Project("{9A19103F-16F7-4668-BE54-9A1E7A4F7556}") = "Ex05_4", "Ex05_4\Ex05_4.csproj", "{526A32FE-C9AA-4D34-8678-6D6BA8B5124D}"
EndProject
Project("{9A19103F-16F7-4668-BE54-9A1E7A4F7556}") = "Ex05_5", "Ex05_5\Ex05_5.csproj", "{28D71E2A-8838-450D-8FFD-0E4449588832}"
EndProject
Project("{9A19103F-16F7-4668-BE54-9A1E7A4F7556}") = "Ex06", "Ex06\Ex06.csproj", "{E27BB809-0889-4F5B-A43D-8E1532F9885A}"
EndProject
Project("{9A19103F-16F7-4668-BE54-9A1E7A4F7556}") = "Ex06_2", "Ex06_2\Ex06_2.csproj", "{B7C05381-EA28-496F-B0CC-ECD4E11AA43E}"
EndProject
Project("{9A19103F-16F7-4668-BE54-9A1E7A4F7556}") = "Ex07", "Ex07\Ex07.csproj", "{FCC5FBDA-04CD-4953-B75B-BE68A78C9AE7}"
EndProject
Project("{9A19103F-16F7-4668-BE54-9A1E7A4F7556}") = "Ex08", "Ex08\Ex08.csproj", "{F9DB12B5-F080-4186-B745-B167CC92AFCA}"
EndProject
Project("{9A19103F-16F7-4668-BE54-9A1E7A4F7556}") = "Ex08_2", "Ex08_2\Ex08_2.csproj", "{6C30AC6C-BEA6-4EC7-9881-D8C205B6093D}"
EndProject
Project("{9A19103F-16F7-4668-BE54-9A1E7A4F7556}") = "Ex09", "Ex09\Ex09.csproj", "{2AFC2D7F-9DFF-4229-92BB-3EAE9BB5F26D}"
EndProject
Project("{9A19103F-16F7-4668-BE54-9A1E7A4F7556}") = "Ex09_2", "Ex09_2\Ex09_2.csproj", "{6EBEA560-2CC7-4F3F-8A98-4B6B26C71C52}"
EndProject
Project("{9A19103F-16F7-4668-BE54-9A1E7A4F7556}") = "Ex09_3", "Ex09_3\Ex09_3.csproj", "{A10776F6-8D29-4AE8-B66E-F0562EFCEF41}"
EndProject
Project("{9A19103F-16F7-4668-BE54-9A1E7A4F7556}") = "Ex09_4", "Ex09_4\Ex09_4.csproj", "{6B2E60B9-B5F9-46DC-BA32-9502FAD59CB4}"
EndProject
Project("{9A19103F-16F7-4668-BE54-9A1E7A4F7556}") = "Loop", "Loop\Loop.csproj", "{A0979B49-E69A-46DC-8ED3-5E7F2173096C}"
EndProject
Project("{9A19103F-16F7-4668-BE54-9A1E7A4F7556}") = "Ex10", "Ex10\Ex10.csproj", "{2CB22E60-E170-4C3B-8A54-92D4D6BE391B}"
EndProject
Project("{9A19103F-16F7-4668-BE54-9A1E7A4F7556}") = "Ex11", "Ex11\Ex11.csproj", "{984422E5-DE9A-4FBB-8680-A7A921EAA298}"
EndProject
Project("{9A19103F-16F7-4668-BE54-9A1E7A4F7556}") = "Ex11_circle", "Ex11_circle\Ex11_circle.csproj", "{E01EC24A-388C-4D54-809C-CC03344950A0}"
EndProject
Project("{9A19103F-16F7-4668-BE54-9A1E7A4F7556}") = "Ex12", "Ex12\Ex12.csproj", "{BBA98A1D-CB5B-4A19-9421-B33DF0A6E2BF}"
EndProject
Project("{9A19103F-16F7-4668-BE54-9A1E7A4F7556}") = "Ex13", "Ex13\Ex13.csproj", "{5A5C104A-AB17-4AAA-8000-45D2F1EA6565}"
EndProject
Project("{9A19103F-16F7-4668-BE54-9A1E7A4F7556}") = "Ex13_ex2", "Ex13_ex2\Ex13_ex2.csproj", "{7DF749B0-4346-4844-9833-B00F278A8096}"
EndProject
Project("{9A19103F-16F7-4668-BE54-9A1E7A4F7556}") = "Ex14_Katsumata", "Ex14_Katsumata\Ex14_Katsumata.csproj", "{B04EEC54-E552-4A81-810A-237BB3CFFCDE}"
EndProject
Project("{9A19103F-16F7-4668-BE54-9A1E7A4F7556}") = "Ex14", "Ex14\Ex14.csproj", "{2EBE60DB-CDEA-495F-BF5C-5F9C34552C2A}"
EndProject
Project("{9A19103F-16F7-4668-BE54-9A1E7A4F7556}") = "Ex14_ex2", "Ex14_ex2\Ex14_ex2.csproj", "{C2D6AD8A-6BF7-49D8-80DC-FE7BC61FC17C}"
EndProject
Project("{9A19103F-16F7-4668-BE54-9A1E7A4F7556}") = "Ex14_ex3", "Ex14_ex3\Ex14_ex3.csproj", "{71BDEFBA-67E7-4C47-88EE-81E7F60F974F}"
EndProject
Project("{9A19103F-16F7-4668-BE54-9A1E7A4F7556}") = "DimentionSample", "DimentionSample\DimentionSample.csproj", "{2EB08391-E691-43E3-9EC0-0D8E8C71B236}"
EndProject
Project("{9A19103F-16F7-4668-BE54-9A1E7A4F7556}") = "DimentionSampleCoin", "DimentionSampleCoin\DimentionSampleCoin.csproj", "{8AAF5402-9CD3-4129-9DCD-40AE44392E7A}"
EndProject
Project("{9A19103F-16F7-4668-BE54-9A1E7A4F7556}") = "DimentionSanmpleJanken", "DimentionSanmpleJanken\DimentionSanmpleJanken.csproj", "{E9930061-2ADA-4ADD-B610-70DF3F7FCD19}"
EndProject
Project("{9A19103F-16F7-4668-BE54-9A1E7A4F7556}") = "Ex15_hint", "Ex15_hint\Ex15_hint.csproj", "{833AA401-59A3-4ADA-91B4-6BF99E8C1182}"
EndProject
Project("{9A19103F-16F7-4668-BE54-9A1E7A4F7556}") = "Ex16", "Ex16\Ex16.csproj", "{9076BB51-EFAA-493D-91FA-0C8D0881A9BD}"
EndProject
Project("{9A19103F-16F7-4668-BE54-9A1E7A4F7556}") = "Challenge2023_02", "Challenge2023_02\Challenge2023_02.csproj", "{ABF46C84-2DB4-480D-A8FB-4B0EA0402F19}"
EndProject
Project("{9A19103F-16F7-4668-BE54-9A1E7A4F7556}") = "Ex15", "Ex15\Ex15.csproj", "{75C2DB60-0D01-4285-B79A-9ECF67F19DDE}"
EndProject
Project("{9A19103F-16F7-4668-BE54-9A1E7A4F7556}") = "Ex15_ex2", "Ex15_ex2\Ex15_ex2.csproj", "{99FB7843-19ED-4A92-837D-3B47D04BB386}"
EndProject
Project("{9A19103F-16F7-4668-BE54-9A1E7A4F7556}") = "Ex17", "Ex17\Ex17.csproj", "{D706074E-8A92-447C-9FF7-EC8B8C64764C}"
EndProject
Project("{9A19103F-16F7-4668-BE54-9A1E7A4F7556}") = "Ex17_ex2", "Ex17_ex2\Ex17_ex2.csproj", "{BE9A6F4D-6CD5-4A22-BAF4-05DC9C8E8D6F}"
EndProject
Project("{9A19103F-16F7-4668-BE54-9A1E7A4F7556}") = "Ex17_sortVariation", "Ex17_sortVariation\Ex17_sortVariation.csproj", "{0B06E7FE-57F7-4788-8646-FB59ED582ECF}"
EndProject
Project("{9A19103F-16F7-4668-BE54-9A1E7A4F7556}") = "MethodSample", "MethodSample\MethodSample.csproj", "{50FCC84C-F672-4FD5-9444-55DA802F0212}"
EndProject
Project("{9A19103F-16F7-4668-BE54-9A1E7A4F7556}") = "Ex18", "Ex18\Ex18.csproj", "{313950F7-BDD8-4D2F-BD6C-14A8103152BF}"
EndProject
Project("{9A19103F-16F7-4668-BE54-9A1E7A4F7556}") = "Ex19", "Ex19\Ex19.csproj", "{D146E877-33A1-4413-A094-D3AE03CD63A4}"
EndProject
Project("{9A19103F-16F7-4668-BE54-9A1E7A4F7556}") = "Challenge04", "Challenge04\Challenge04.csproj", "{2924E9C9-D4EC-45D6-B857-B467C97E1073}"
EndProject
Project("{9A19103F-16F7-4668-BE54-9A1E7A4F7556}") = "Ex20", "Ex20\Ex20.csproj", "{0B3D6266-FCAE-4A80-A69A-C156667C8C08}"
EndProject
Project("{9A19103F-16F7-4668-BE54-9A1E7A4F7556}") = "Ex22_hint", "Ex22_hint\Ex22_hint.csproj", "{F02C73F6-DFD8-4AB4-82A5-0439E640307E}"
EndProject
Project("{FAE04EC0-301F-11D3-BF4B-00C04F79EFBC}") = "Ex21", "Ex21\Ex21.csproj", "{96A3AA2A-6A96-43EB-8D6F-1A4ABBA0AA99}"
EndProject
Project("{FAE04EC0-301F-11D3-BF4B-00C04F79EFBC}") = "Ex21_ex2", "Ex21_ex2\Ex21_ex2.csproj", "{C74CCFDC-6ABD-41DC-B227-1B4E6FEB6B5D}"
EndProject
Global
	GlobalSection(SolutionConfigurationPlatforms) = preSolution
		Debug|Any CPU = Debug|Any CPU
		Release|Any CPU = Release|Any CPU
	EndGlobalSection
	GlobalSection(ProjectConfigurationPlatforms) = postSolution
		{386534EF-39D5-43C1-9E2D-F732EA345EAF}.Debug|Any CPU.ActiveCfg = Debug|Any CPU
		{386534EF-39D5-43C1-9E2D-F732EA345EAF}.Debug|Any CPU.Build.0 = Debug|Any CPU
		{386534EF-39D5-43C1-9E2D-F732EA345EAF}.Release|Any CPU.ActiveCfg = Release|Any CPU
		{386534EF-39D5-43C1-9E2D-F732EA345EAF}.Release|Any CPU.Build.0 = Release|Any CPU
		{759AC595-B4CB-47E5-A98B-DC7577BEFC2E}.Debug|Any CPU.ActiveCfg = Debug|Any CPU
		{759AC595-B4CB-47E5-A98B-DC7577BEFC2E}.Debug|Any CPU.Build.0 = Debug|Any CPU
		{759AC595-B4CB-47E5-A98B-DC7577BEFC2E}.Release|Any CPU.ActiveCfg = Release|Any CPU
		{759AC595-B4CB-47E5-A98B-DC7577BEFC2E}.Release|Any CPU.Build.0 = Release|Any CPU
		{E083CB1E-41E1-4718-84C8-264D2DB45009}.Debug|Any CPU.ActiveCfg = Debug|Any CPU
		{E083CB1E-41E1-4718-84C8-264D2DB45009}.Debug|Any CPU.Build.0 = Debug|Any CPU
		{E083CB1E-41E1-4718-84C8-264D2DB45009}.Release|Any CPU.ActiveCfg = Release|Any CPU
		{E083CB1E-41E1-4718-84C8-264D2DB45009}.Release|Any CPU.Build.0 = Release|Any CPU
		{F8C14CE9-2033-4DF1-ADBD-53C11B053E60}.Debug|Any CPU.ActiveCfg = Debug|Any CPU
		{F8C14CE9-2033-4DF1-ADBD-53C11B053E60}.Debug|Any CPU.Build.0 = Debug|Any CPU
		{F8C14CE9-2033-4DF1-ADBD-53C11B053E60}.Release|Any CPU.ActiveCfg = Release|Any CPU
		{F8C14CE9-2033-4DF1-ADBD-53C11B053E60}.Release|Any CPU.Build.0 = Release|Any CPU
		{09739FFE-1D43-4506-BAD1-60EC627D0776}.Debug|Any CPU.ActiveCfg = Debug|Any CPU
		{09739FFE-1D43-4506-BAD1-60EC627D0776}.Debug|Any CPU.Build.0 = Debug|Any CPU
		{09739FFE-1D43-4506-BAD1-60EC627D0776}.Release|Any CPU.ActiveCfg = Release|Any CPU
		{09739FFE-1D43-4506-BAD1-60EC627D0776}.Release|Any CPU.Build.0 = Release|Any CPU
		{D0D27C00-7E3D-418C-B140-BC8A164A35DF}.Debug|Any CPU.ActiveCfg = Debug|Any CPU
		{D0D27C00-7E3D-418C-B140-BC8A164A35DF}.Debug|Any CPU.Build.0 = Debug|Any CPU
		{D0D27C00-7E3D-418C-B140-BC8A164A35DF}.Release|Any CPU.ActiveCfg = Release|Any CPU
		{D0D27C00-7E3D-418C-B140-BC8A164A35DF}.Release|Any CPU.Build.0 = Release|Any CPU
		{D40EDAC6-5A1F-4A97-8739-F0ED2B7DDA98}.Debug|Any CPU.ActiveCfg = Debug|Any CPU
		{D40EDAC6-5A1F-4A97-8739-F0ED2B7DDA98}.Debug|Any CPU.Build.0 = Debug|Any CPU
		{D40EDAC6-5A1F-4A97-8739-F0ED2B7DDA98}.Release|Any CPU.ActiveCfg = Release|Any CPU
		{D40EDAC6-5A1F-4A97-8739-F0ED2B7DDA98}.Release|Any CPU.Build.0 = Release|Any CPU
		{C8898921-2FB3-4483-923A-AC73693A5199}.Debug|Any CPU.ActiveCfg = Debug|Any CPU
		{C8898921-2FB3-4483-923A-AC73693A5199}.Debug|Any CPU.Build.0 = Debug|Any CPU
		{C8898921-2FB3-4483-923A-AC73693A5199}.Release|Any CPU.ActiveCfg = Release|Any CPU
		{C8898921-2FB3-4483-923A-AC73693A5199}.Release|Any CPU.Build.0 = Release|Any CPU
		{49DC5766-26BC-433D-845F-2EE8E5B72740}.Debug|Any CPU.ActiveCfg = Debug|Any CPU
		{49DC5766-26BC-433D-845F-2EE8E5B72740}.Debug|Any CPU.Build.0 = Debug|Any CPU
		{49DC5766-26BC-433D-845F-2EE8E5B72740}.Release|Any CPU.ActiveCfg = Release|Any CPU
		{49DC5766-26BC-433D-845F-2EE8E5B72740}.Release|Any CPU.Build.0 = Release|Any CPU
		{4E7DC74A-908B-4963-80A4-067C7FA681B4}.Debug|Any CPU.ActiveCfg = Debug|Any CPU
		{4E7DC74A-908B-4963-80A4-067C7FA681B4}.Debug|Any CPU.Build.0 = Debug|Any CPU
		{4E7DC74A-908B-4963-80A4-067C7FA681B4}.Release|Any CPU.ActiveCfg = Release|Any CPU
		{4E7DC74A-908B-4963-80A4-067C7FA681B4}.Release|Any CPU.Build.0 = Release|Any CPU
		{4148EAA3-8ABC-4F6F-B002-98BAA0DF7053}.Debug|Any CPU.ActiveCfg = Debug|Any CPU
		{4148EAA3-8ABC-4F6F-B002-98BAA0DF7053}.Debug|Any CPU.Build.0 = Debug|Any CPU
		{4148EAA3-8ABC-4F6F-B002-98BAA0DF7053}.Release|Any CPU.ActiveCfg = Release|Any CPU
		{4148EAA3-8ABC-4F6F-B002-98BAA0DF7053}.Release|Any CPU.Build.0 = Release|Any CPU
		{B57F8B81-F065-45CC-BE33-94C345F9F810}.Debug|Any CPU.ActiveCfg = Debug|Any CPU
		{B57F8B81-F065-45CC-BE33-94C345F9F810}.Debug|Any CPU.Build.0 = Debug|Any CPU
		{B57F8B81-F065-45CC-BE33-94C345F9F810}.Release|Any CPU.ActiveCfg = Release|Any CPU
		{B57F8B81-F065-45CC-BE33-94C345F9F810}.Release|Any CPU.Build.0 = Release|Any CPU
		{8AD23D7E-FDB9-4BB6-BF13-DD7AC2CCF665}.Debug|Any CPU.ActiveCfg = Debug|Any CPU
		{8AD23D7E-FDB9-4BB6-BF13-DD7AC2CCF665}.Debug|Any CPU.Build.0 = Debug|Any CPU
		{8AD23D7E-FDB9-4BB6-BF13-DD7AC2CCF665}.Release|Any CPU.ActiveCfg = Release|Any CPU
		{8AD23D7E-FDB9-4BB6-BF13-DD7AC2CCF665}.Release|Any CPU.Build.0 = Release|Any CPU
		{14F7FEEE-C866-431F-A962-B5366A8E3BE3}.Debug|Any CPU.ActiveCfg = Debug|Any CPU
		{14F7FEEE-C866-431F-A962-B5366A8E3BE3}.Debug|Any CPU.Build.0 = Debug|Any CPU
		{14F7FEEE-C866-431F-A962-B5366A8E3BE3}.Release|Any CPU.ActiveCfg = Release|Any CPU
		{14F7FEEE-C866-431F-A962-B5366A8E3BE3}.Release|Any CPU.Build.0 = Release|Any CPU
		{526A32FE-C9AA-4D34-8678-6D6BA8B5124D}.Debug|Any CPU.ActiveCfg = Debug|Any CPU
		{526A32FE-C9AA-4D34-8678-6D6BA8B5124D}.Debug|Any CPU.Build.0 = Debug|Any CPU
		{526A32FE-C9AA-4D34-8678-6D6BA8B5124D}.Release|Any CPU.ActiveCfg = Release|Any CPU
		{526A32FE-C9AA-4D34-8678-6D6BA8B5124D}.Release|Any CPU.Build.0 = Release|Any CPU
		{28D71E2A-8838-450D-8FFD-0E4449588832}.Debug|Any CPU.ActiveCfg = Debug|Any CPU
		{28D71E2A-8838-450D-8FFD-0E4449588832}.Debug|Any CPU.Build.0 = Debug|Any CPU
		{28D71E2A-8838-450D-8FFD-0E4449588832}.Release|Any CPU.ActiveCfg = Release|Any CPU
		{28D71E2A-8838-450D-8FFD-0E4449588832}.Release|Any CPU.Build.0 = Release|Any CPU
		{E27BB809-0889-4F5B-A43D-8E1532F9885A}.Debug|Any CPU.ActiveCfg = Debug|Any CPU
		{E27BB809-0889-4F5B-A43D-8E1532F9885A}.Debug|Any CPU.Build.0 = Debug|Any CPU
		{E27BB809-0889-4F5B-A43D-8E1532F9885A}.Release|Any CPU.ActiveCfg = Release|Any CPU
		{E27BB809-0889-4F5B-A43D-8E1532F9885A}.Release|Any CPU.Build.0 = Release|Any CPU
		{B7C05381-EA28-496F-B0CC-ECD4E11AA43E}.Debug|Any CPU.ActiveCfg = Debug|Any CPU
		{B7C05381-EA28-496F-B0CC-ECD4E11AA43E}.Debug|Any CPU.Build.0 = Debug|Any CPU
		{B7C05381-EA28-496F-B0CC-ECD4E11AA43E}.Release|Any CPU.ActiveCfg = Release|Any CPU
		{B7C05381-EA28-496F-B0CC-ECD4E11AA43E}.Release|Any CPU.Build.0 = Release|Any CPU
		{FCC5FBDA-04CD-4953-B75B-BE68A78C9AE7}.Debug|Any CPU.ActiveCfg = Debug|Any CPU
		{FCC5FBDA-04CD-4953-B75B-BE68A78C9AE7}.Debug|Any CPU.Build.0 = Debug|Any CPU
		{FCC5FBDA-04CD-4953-B75B-BE68A78C9AE7}.Release|Any CPU.ActiveCfg = Release|Any CPU
		{FCC5FBDA-04CD-4953-B75B-BE68A78C9AE7}.Release|Any CPU.Build.0 = Release|Any CPU
		{F9DB12B5-F080-4186-B745-B167CC92AFCA}.Debug|Any CPU.ActiveCfg = Debug|Any CPU
		{F9DB12B5-F080-4186-B745-B167CC92AFCA}.Debug|Any CPU.Build.0 = Debug|Any CPU
		{F9DB12B5-F080-4186-B745-B167CC92AFCA}.Release|Any CPU.ActiveCfg = Release|Any CPU
		{F9DB12B5-F080-4186-B745-B167CC92AFCA}.Release|Any CPU.Build.0 = Release|Any CPU
		{6C30AC6C-BEA6-4EC7-9881-D8C205B6093D}.Debug|Any CPU.ActiveCfg = Debug|Any CPU
		{6C30AC6C-BEA6-4EC7-9881-D8C205B6093D}.Debug|Any CPU.Build.0 = Debug|Any CPU
		{6C30AC6C-BEA6-4EC7-9881-D8C205B6093D}.Release|Any CPU.ActiveCfg = Release|Any CPU
		{6C30AC6C-BEA6-4EC7-9881-D8C205B6093D}.Release|Any CPU.Build.0 = Release|Any CPU
		{2AFC2D7F-9DFF-4229-92BB-3EAE9BB5F26D}.Debug|Any CPU.ActiveCfg = Debug|Any CPU
		{2AFC2D7F-9DFF-4229-92BB-3EAE9BB5F26D}.Debug|Any CPU.Build.0 = Debug|Any CPU
		{2AFC2D7F-9DFF-4229-92BB-3EAE9BB5F26D}.Release|Any CPU.ActiveCfg = Release|Any CPU
		{2AFC2D7F-9DFF-4229-92BB-3EAE9BB5F26D}.Release|Any CPU.Build.0 = Release|Any CPU
		{6EBEA560-2CC7-4F3F-8A98-4B6B26C71C52}.Debug|Any CPU.ActiveCfg = Debug|Any CPU
		{6EBEA560-2CC7-4F3F-8A98-4B6B26C71C52}.Debug|Any CPU.Build.0 = Debug|Any CPU
		{6EBEA560-2CC7-4F3F-8A98-4B6B26C71C52}.Release|Any CPU.ActiveCfg = Release|Any CPU
		{6EBEA560-2CC7-4F3F-8A98-4B6B26C71C52}.Release|Any CPU.Build.0 = Release|Any CPU
		{A10776F6-8D29-4AE8-B66E-F0562EFCEF41}.Debug|Any CPU.ActiveCfg = Debug|Any CPU
		{A10776F6-8D29-4AE8-B66E-F0562EFCEF41}.Debug|Any CPU.Build.0 = Debug|Any CPU
		{A10776F6-8D29-4AE8-B66E-F0562EFCEF41}.Release|Any CPU.ActiveCfg = Release|Any CPU
		{A10776F6-8D29-4AE8-B66E-F0562EFCEF41}.Release|Any CPU.Build.0 = Release|Any CPU
		{6B2E60B9-B5F9-46DC-BA32-9502FAD59CB4}.Debug|Any CPU.ActiveCfg = Debug|Any CPU
		{6B2E60B9-B5F9-46DC-BA32-9502FAD59CB4}.Debug|Any CPU.Build.0 = Debug|Any CPU
		{6B2E60B9-B5F9-46DC-BA32-9502FAD59CB4}.Release|Any CPU.ActiveCfg = Release|Any CPU
		{6B2E60B9-B5F9-46DC-BA32-9502FAD59CB4}.Release|Any CPU.Build.0 = Release|Any CPU
		{A0979B49-E69A-46DC-8ED3-5E7F2173096C}.Debug|Any CPU.ActiveCfg = Debug|Any CPU
		{A0979B49-E69A-46DC-8ED3-5E7F2173096C}.Debug|Any CPU.Build.0 = Debug|Any CPU
		{A0979B49-E69A-46DC-8ED3-5E7F2173096C}.Release|Any CPU.ActiveCfg = Release|Any CPU
		{A0979B49-E69A-46DC-8ED3-5E7F2173096C}.Release|Any CPU.Build.0 = Release|Any CPU
		{2CB22E60-E170-4C3B-8A54-92D4D6BE391B}.Debug|Any CPU.ActiveCfg = Debug|Any CPU
		{2CB22E60-E170-4C3B-8A54-92D4D6BE391B}.Debug|Any CPU.Build.0 = Debug|Any CPU
		{2CB22E60-E170-4C3B-8A54-92D4D6BE391B}.Release|Any CPU.ActiveCfg = Release|Any CPU
		{2CB22E60-E170-4C3B-8A54-92D4D6BE391B}.Release|Any CPU.Build.0 = Release|Any CPU
		{984422E5-DE9A-4FBB-8680-A7A921EAA298}.Debug|Any CPU.ActiveCfg = Debug|Any CPU
		{984422E5-DE9A-4FBB-8680-A7A921EAA298}.Debug|Any CPU.Build.0 = Debug|Any CPU
		{984422E5-DE9A-4FBB-8680-A7A921EAA298}.Release|Any CPU.ActiveCfg = Release|Any CPU
		{984422E5-DE9A-4FBB-8680-A7A921EAA298}.Release|Any CPU.Build.0 = Release|Any CPU
		{E01EC24A-388C-4D54-809C-CC03344950A0}.Debug|Any CPU.ActiveCfg = Debug|Any CPU
		{E01EC24A-388C-4D54-809C-CC03344950A0}.Debug|Any CPU.Build.0 = Debug|Any CPU
		{E01EC24A-388C-4D54-809C-CC03344950A0}.Release|Any CPU.ActiveCfg = Release|Any CPU
		{E01EC24A-388C-4D54-809C-CC03344950A0}.Release|Any CPU.Build.0 = Release|Any CPU
		{BBA98A1D-CB5B-4A19-9421-B33DF0A6E2BF}.Debug|Any CPU.ActiveCfg = Debug|Any CPU
		{BBA98A1D-CB5B-4A19-9421-B33DF0A6E2BF}.Debug|Any CPU.Build.0 = Debug|Any CPU
		{BBA98A1D-CB5B-4A19-9421-B33DF0A6E2BF}.Release|Any CPU.ActiveCfg = Release|Any CPU
		{BBA98A1D-CB5B-4A19-9421-B33DF0A6E2BF}.Release|Any CPU.Build.0 = Release|Any CPU
		{5A5C104A-AB17-4AAA-8000-45D2F1EA6565}.Debug|Any CPU.ActiveCfg = Debug|Any CPU
		{5A5C104A-AB17-4AAA-8000-45D2F1EA6565}.Debug|Any CPU.Build.0 = Debug|Any CPU
		{5A5C104A-AB17-4AAA-8000-45D2F1EA6565}.Release|Any CPU.ActiveCfg = Release|Any CPU
		{5A5C104A-AB17-4AAA-8000-45D2F1EA6565}.Release|Any CPU.Build.0 = Release|Any CPU
		{7DF749B0-4346-4844-9833-B00F278A8096}.Debug|Any CPU.ActiveCfg = Debug|Any CPU
		{7DF749B0-4346-4844-9833-B00F278A8096}.Debug|Any CPU.Build.0 = Debug|Any CPU
		{7DF749B0-4346-4844-9833-B00F278A8096}.Release|Any CPU.ActiveCfg = Release|Any CPU
		{7DF749B0-4346-4844-9833-B00F278A8096}.Release|Any CPU.Build.0 = Release|Any CPU
		{B04EEC54-E552-4A81-810A-237BB3CFFCDE}.Debug|Any CPU.ActiveCfg = Debug|Any CPU
		{B04EEC54-E552-4A81-810A-237BB3CFFCDE}.Debug|Any CPU.Build.0 = Debug|Any CPU
		{B04EEC54-E552-4A81-810A-237BB3CFFCDE}.Release|Any CPU.ActiveCfg = Release|Any CPU
		{B04EEC54-E552-4A81-810A-237BB3CFFCDE}.Release|Any CPU.Build.0 = Release|Any CPU
		{2EBE60DB-CDEA-495F-BF5C-5F9C34552C2A}.Debug|Any CPU.ActiveCfg = Debug|Any CPU
		{2EBE60DB-CDEA-495F-BF5C-5F9C34552C2A}.Debug|Any CPU.Build.0 = Debug|Any CPU
		{2EBE60DB-CDEA-495F-BF5C-5F9C34552C2A}.Release|Any CPU.ActiveCfg = Release|Any CPU
		{2EBE60DB-CDEA-495F-BF5C-5F9C34552C2A}.Release|Any CPU.Build.0 = Release|Any CPU
		{C2D6AD8A-6BF7-49D8-80DC-FE7BC61FC17C}.Debug|Any CPU.ActiveCfg = Debug|Any CPU
		{C2D6AD8A-6BF7-49D8-80DC-FE7BC61FC17C}.Debug|Any CPU.Build.0 = Debug|Any CPU
		{C2D6AD8A-6BF7-49D8-80DC-FE7BC61FC17C}.Release|Any CPU.ActiveCfg = Release|Any CPU
		{C2D6AD8A-6BF7-49D8-80DC-FE7BC61FC17C}.Release|Any CPU.Build.0 = Release|Any CPU
		{71BDEFBA-67E7-4C47-88EE-81E7F60F974F}.Debug|Any CPU.ActiveCfg = Debug|Any CPU
		{71BDEFBA-67E7-4C47-88EE-81E7F60F974F}.Debug|Any CPU.Build.0 = Debug|Any CPU
		{71BDEFBA-67E7-4C47-88EE-81E7F60F974F}.Release|Any CPU.ActiveCfg = Release|Any CPU
		{71BDEFBA-67E7-4C47-88EE-81E7F60F974F}.Release|Any CPU.Build.0 = Release|Any CPU
		{2EB08391-E691-43E3-9EC0-0D8E8C71B236}.Debug|Any CPU.ActiveCfg = Debug|Any CPU
		{2EB08391-E691-43E3-9EC0-0D8E8C71B236}.Debug|Any CPU.Build.0 = Debug|Any CPU
		{2EB08391-E691-43E3-9EC0-0D8E8C71B236}.Release|Any CPU.ActiveCfg = Release|Any CPU
		{2EB08391-E691-43E3-9EC0-0D8E8C71B236}.Release|Any CPU.Build.0 = Release|Any CPU
		{8AAF5402-9CD3-4129-9DCD-40AE44392E7A}.Debug|Any CPU.ActiveCfg = Debug|Any CPU
		{8AAF5402-9CD3-4129-9DCD-40AE44392E7A}.Debug|Any CPU.Build.0 = Debug|Any CPU
		{8AAF5402-9CD3-4129-9DCD-40AE44392E7A}.Release|Any CPU.ActiveCfg = Release|Any CPU
		{8AAF5402-9CD3-4129-9DCD-40AE44392E7A}.Release|Any CPU.Build.0 = Release|Any CPU
		{E9930061-2ADA-4ADD-B610-70DF3F7FCD19}.Debug|Any CPU.ActiveCfg = Debug|Any CPU
		{E9930061-2ADA-4ADD-B610-70DF3F7FCD19}.Debug|Any CPU.Build.0 = Debug|Any CPU
		{E9930061-2ADA-4ADD-B610-70DF3F7FCD19}.Release|Any CPU.ActiveCfg = Release|Any CPU
		{E9930061-2ADA-4ADD-B610-70DF3F7FCD19}.Release|Any CPU.Build.0 = Release|Any CPU
		{833AA401-59A3-4ADA-91B4-6BF99E8C1182}.Debug|Any CPU.ActiveCfg = Debug|Any CPU
		{833AA401-59A3-4ADA-91B4-6BF99E8C1182}.Debug|Any CPU.Build.0 = Debug|Any CPU
		{833AA401-59A3-4ADA-91B4-6BF99E8C1182}.Release|Any CPU.ActiveCfg = Release|Any CPU
		{833AA401-59A3-4ADA-91B4-6BF99E8C1182}.Release|Any CPU.Build.0 = Release|Any CPU
		{9076BB51-EFAA-493D-91FA-0C8D0881A9BD}.Debug|Any CPU.ActiveCfg = Debug|Any CPU
		{9076BB51-EFAA-493D-91FA-0C8D0881A9BD}.Debug|Any CPU.Build.0 = Debug|Any CPU
		{9076BB51-EFAA-493D-91FA-0C8D0881A9BD}.Release|Any CPU.ActiveCfg = Release|Any CPU
		{9076BB51-EFAA-493D-91FA-0C8D0881A9BD}.Release|Any CPU.Build.0 = Release|Any CPU
		{ABF46C84-2DB4-480D-A8FB-4B0EA0402F19}.Debug|Any CPU.ActiveCfg = Debug|Any CPU
		{ABF46C84-2DB4-480D-A8FB-4B0EA0402F19}.Debug|Any CPU.Build.0 = Debug|Any CPU
		{ABF46C84-2DB4-480D-A8FB-4B0EA0402F19}.Release|Any CPU.ActiveCfg = Release|Any CPU
		{ABF46C84-2DB4-480D-A8FB-4B0EA0402F19}.Release|Any CPU.Build.0 = Release|Any CPU
		{75C2DB60-0D01-4285-B79A-9ECF67F19DDE}.Debug|Any CPU.ActiveCfg = Debug|Any CPU
		{75C2DB60-0D01-4285-B79A-9ECF67F19DDE}.Debug|Any CPU.Build.0 = Debug|Any CPU
		{75C2DB60-0D01-4285-B79A-9ECF67F19DDE}.Release|Any CPU.ActiveCfg = Release|Any CPU
		{75C2DB60-0D01-4285-B79A-9ECF67F19DDE}.Release|Any CPU.Build.0 = Release|Any CPU
		{99FB7843-19ED-4A92-837D-3B47D04BB386}.Debug|Any CPU.ActiveCfg = Debug|Any CPU
		{99FB7843-19ED-4A92-837D-3B47D04BB386}.Debug|Any CPU.Build.0 = Debug|Any CPU
		{99FB7843-19ED-4A92-837D-3B47D04BB386}.Release|Any CPU.ActiveCfg = Release|Any CPU
		{99FB7843-19ED-4A92-837D-3B47D04BB386}.Release|Any CPU.Build.0 = Release|Any CPU
		{D706074E-8A92-447C-9FF7-EC8B8C64764C}.Debug|Any CPU.ActiveCfg = Debug|Any CPU
		{D706074E-8A92-447C-9FF7-EC8B8C64764C}.Debug|Any CPU.Build.0 = Debug|Any CPU
		{D706074E-8A92-447C-9FF7-EC8B8C64764C}.Release|Any CPU.ActiveCfg = Release|Any CPU
		{D706074E-8A92-447C-9FF7-EC8B8C64764C}.Release|Any CPU.Build.0 = Release|Any CPU
		{BE9A6F4D-6CD5-4A22-BAF4-05DC9C8E8D6F}.Debug|Any CPU.ActiveCfg = Debug|Any CPU
		{BE9A6F4D-6CD5-4A22-BAF4-05DC9C8E8D6F}.Debug|Any CPU.Build.0 = Debug|Any CPU
		{BE9A6F4D-6CD5-4A22-BAF4-05DC9C8E8D6F}.Release|Any CPU.ActiveCfg = Release|Any CPU
		{BE9A6F4D-6CD5-4A22-BAF4-05DC9C8E8D6F}.Release|Any CPU.Build.0 = Release|Any CPU
		{0B06E7FE-57F7-4788-8646-FB59ED582ECF}.Debug|Any CPU.ActiveCfg = Debug|Any CPU
		{0B06E7FE-57F7-4788-8646-FB59ED582ECF}.Debug|Any CPU.Build.0 = Debug|Any CPU
		{0B06E7FE-57F7-4788-8646-FB59ED582ECF}.Release|Any CPU.ActiveCfg = Release|Any CPU
		{0B06E7FE-57F7-4788-8646-FB59ED582ECF}.Release|Any CPU.Build.0 = Release|Any CPU
		{50FCC84C-F672-4FD5-9444-55DA802F0212}.Debug|Any CPU.ActiveCfg = Debug|Any CPU
		{50FCC84C-F672-4FD5-9444-55DA802F0212}.Debug|Any CPU.Build.0 = Debug|Any CPU
		{50FCC84C-F672-4FD5-9444-55DA802F0212}.Release|Any CPU.ActiveCfg = Release|Any CPU
		{50FCC84C-F672-4FD5-9444-55DA802F0212}.Release|Any CPU.Build.0 = Release|Any CPU
		{313950F7-BDD8-4D2F-BD6C-14A8103152BF}.Debug|Any CPU.ActiveCfg = Debug|Any CPU
		{313950F7-BDD8-4D2F-BD6C-14A8103152BF}.Debug|Any CPU.Build.0 = Debug|Any CPU
		{313950F7-BDD8-4D2F-BD6C-14A8103152BF}.Release|Any CPU.ActiveCfg = Release|Any CPU
		{313950F7-BDD8-4D2F-BD6C-14A8103152BF}.Release|Any CPU.Build.0 = Release|Any CPU
		{D146E877-33A1-4413-A094-D3AE03CD63A4}.Debug|Any CPU.ActiveCfg = Debug|Any CPU
		{D146E877-33A1-4413-A094-D3AE03CD63A4}.Debug|Any CPU.Build.0 = Debug|Any CPU
		{D146E877-33A1-4413-A094-D3AE03CD63A4}.Release|Any CPU.ActiveCfg = Release|Any CPU
		{D146E877-33A1-4413-A094-D3AE03CD63A4}.Release|Any CPU.Build.0 = Release|Any CPU
		{2924E9C9-D4EC-45D6-B857-B467C97E1073}.Debug|Any CPU.ActiveCfg = Debug|Any CPU
		{2924E9C9-D4EC-45D6-B857-B467C97E1073}.Debug|Any CPU.Build.0 = Debug|Any CPU
		{2924E9C9-D4EC-45D6-B857-B467C97E1073}.Release|Any CPU.ActiveCfg = Release|Any CPU
		{2924E9C9-D4EC-45D6-B857-B467C97E1073}.Release|Any CPU.Build.0 = Release|Any CPU
		{0B3D6266-FCAE-4A80-A69A-C156667C8C08}.Debug|Any CPU.ActiveCfg = Debug|Any CPU
		{0B3D6266-FCAE-4A80-A69A-C156667C8C08}.Debug|Any CPU.Build.0 = Debug|Any CPU
		{0B3D6266-FCAE-4A80-A69A-C156667C8C08}.Release|Any CPU.ActiveCfg = Release|Any CPU
		{0B3D6266-FCAE-4A80-A69A-C156667C8C08}.Release|Any CPU.Build.0 = Release|Any CPU
		{F02C73F6-DFD8-4AB4-82A5-0439E640307E}.Debug|Any CPU.ActiveCfg = Debug|Any CPU
		{F02C73F6-DFD8-4AB4-82A5-0439E640307E}.Debug|Any CPU.Build.0 = Debug|Any CPU
		{F02C73F6-DFD8-4AB4-82A5-0439E640307E}.Release|Any CPU.ActiveCfg = Release|Any CPU
		{F02C73F6-DFD8-4AB4-82A5-0439E640307E}.Release|Any CPU.Build.0 = Release|Any CPU
		{96A3AA2A-6A96-43EB-8D6F-1A4ABBA0AA99}.Debug|Any CPU.ActiveCfg = Debug|Any CPU
		{96A3AA2A-6A96-43EB-8D6F-1A4ABBA0AA99}.Debug|Any CPU.Build.0 = Debug|Any CPU
		{96A3AA2A-6A96-43EB-8D6F-1A4ABBA0AA99}.Release|Any CPU.ActiveCfg = Release|Any CPU
		{96A3AA2A-6A96-43EB-8D6F-1A4ABBA0AA99}.Release|Any CPU.Build.0 = Release|Any CPU
		{C74CCFDC-6ABD-41DC-B227-1B4E6FEB6B5D}.Debug|Any CPU.ActiveCfg = Debug|Any CPU
		{C74CCFDC-6ABD-41DC-B227-1B4E6FEB6B5D}.Debug|Any CPU.Build.0 = Debug|Any CPU
		{C74CCFDC-6ABD-41DC-B227-1B4E6FEB6B5D}.Release|Any CPU.ActiveCfg = Release|Any CPU
		{C74CCFDC-6ABD-41DC-B227-1B4E6FEB6B5D}.Release|Any CPU.Build.0 = Release|Any CPU
	EndGlobalSection
	GlobalSection(SolutionProperties) = preSolution
		HideSolutionNode = FALSE
	EndGlobalSection
	GlobalSection(ExtensibilityGlobals) = postSolution
		SolutionGuid = {8CC637B1-737C-4DBA-98AD-666FFC70A913}
	EndGlobalSection
EndGlobal
